
Microsoft Visual Studio Solution File, Format Version 12.00
# Visual Studio Version 17
VisualStudioVersion = 17.14.36811.4 d17.14
MinimumVisualStudioVersion = 10.0.40219.1
Project("{FAE04EC0-301F-11D3-BF4B-00C04F79EFBC}") = "backend_presentation_llm", "backend_presentation_llm\backend_presentation_llm.csproj", "{8A2790A2-2D97-4065-ABD0-851FDE9054C0}"
EndProject
Global
	GlobalSection(SolutionConfigurationPlatforms) = preSolution
		Debug|Any CPU = Debug|Any CPU
		Release|Any CPU = Release|Any CPU
	EndGlobalSection
	GlobalSection(ProjectConfigurationPlatforms) = postSolution
		{8A2790A2-2D97-4065-ABD0-851FDE9054C0}.Debug|Any CPU.ActiveCfg = Debug|Any CPU
		{8A2790A2-2D97-4065-ABD0-851FDE9054C0}.Debug|Any CPU.Build.0 = Debug|Any CPU
		{8A2790A2-2D97-4065-ABD0-851FDE9054C0}.Release|Any CPU.ActiveCfg = Release|Any CPU
		{8A2790A2-2D97-4065-ABD0-851FDE9054C0}.Release|Any CPU.Build.0 = Release|Any CPU
	EndGlobalSection
	GlobalSection(SolutionProperties) = preSolution
		HideSolutionNode = FALSE
	EndGlobalSection
	GlobalSection(ExtensibilityGlobals) = postSolution
		SolutionGuid = {24EF6922-EC53-4DED-ADCD-7D6DA66EF38E}
	EndGlobalSection
EndGlobal
